
Microsoft Visual Studio Solution File, Format Version 12.00
# Visual Studio 15
VisualStudioVersion = 15.0.26730.16
MinimumVisualStudioVersion = 10.0.40219.1
Project("{8BC9CEB8-8B4A-11D0-8D11-00A0C91BC942}") = "Exercise1", "Exercise1.vcxproj", "{61451301-5731-4C49-B77D-EB971C88E208}"
EndProject
Global
	GlobalSection(SolutionConfigurationPlatforms) = preSolution
		Debug|Win32 = Debug|Win32
		Release|Win32 = Release|Win32
	EndGlobalSection
	GlobalSection(ProjectConfigurationPlatforms) = postSolution
		{61451301-5731-4C49-B77D-EB971C88E208}.Debug|Win32.ActiveCfg = Debug|Win32
		{61451301-5731-4C49-B77D-EB971C88E208}.Debug|Win32.Build.0 = Debug|Win32
		{61451301-5731-4C49-B77D-EB971C88E208}.Release|Win32.ActiveCfg = Release|Win32
		{61451301-5731-4C49-B77D-EB971C88E208}.Release|Win32.Build.0 = Release|Win32
	EndGlobalSection
	GlobalSection(SolutionProperties) = preSolution
		HideSolutionNode = FALSE
	EndGlobalSection
	GlobalSection(ExtensibilityGlobals) = postSolution
		SolutionGuid = {1812F32D-3410-4861-92E1-865B66B963E5}
	EndGlobalSection
EndGlobal
